<?xml version="1.0" encoding="utf-8"?>
<Project ToolsVersion="4.0" xmlns="http://schemas.microsoft.com/developer/msbuild/2003">
  <ItemGroup>
    <Filter Include="Source Files">
      <UniqueIdentifier>{4FC737F1-C7A5-4376-A066-2A32D752A2FF}</UniqueIdentifier>
      <Extensions>cpp;c;cc;cxx;def;odl;idl;hpj;bat;asm;asmx</Extensions>
    </Filter>
    <Filter Include="Header Files">
      <UniqueIdentifier>{93995380-89BD-4b04-88EB-625FBE52EBFB}</UniqueIdentifier>
      <Extensions>h;hpp;hxx;hm;inl;inc;xsd</Extensions>
    </Filter>
    <Filter Include="Resource Files">
      <UniqueIdentifier>{67DA6AB6-F800-4c08-8B7A-83BB121AAD01}</UniqueIdentifier>
      <Extensions>rc;ico;cur;bmp;dlg;rc2;rct;bin;rgs;gif;jpg;jpeg;jpe;resx;tiff;tif;png;wav</Extensions>
    </Filter>
  </ItemGroup>
  <ItemGroup>
    <ClCompile Include="..\..\libregf\libregf.c">
      <Filter>Source Files</Filter>
    </ClCompile>
    <ClCompile Include="..\..\libregf\libregf_checksum.c">
      <Filter>Source Files</Filter>
    </ClCompile>
    <ClCompile Include="..\..\libregf\libregf_data_block_key.c">
      <Filter>Source Files</Filter>
    </ClCompile>
    <ClCompile Include="..\..\libregf\libregf_data_block_stream.c">
      <Filter>Source Files</Filter>
    </ClCompile>
    <ClCompile Include="..\..\libregf\libregf_data_type.c">
      <Filter>Source Files</Filter>
    </ClCompile>
    <ClCompile Include="..\..\libregf\libregf_debug.c">
      <Filter>Source Files</Filter>
    </ClCompile>
    <ClCompile Include="..\..\libregf\libregf_dirty_vector.c">
      <Filter>Source Files</Filter>
    </ClCompile>
    <ClCompile Include="..\..\libregf\libregf_error.c">
      <Filter>Source Files</Filter>
    </ClCompile>
    <ClCompile Include="..\..\libregf\libregf_file.c">
      <Filter>Source Files</Filter>
    </ClCompile>
    <ClCompile Include="..\..\libregf\libregf_file_header.c">
      <Filter>Source Files</Filter>
    </ClCompile>
    <ClCompile Include="..\..\libregf\libregf_hive_bin.c">
      <Filter>Source Files</Filter>
    </ClCompile>
    <ClCompile Include="..\..\libregf\libregf_hive_bin_cell.c">
      <Filter>Source Files</Filter>
    </ClCompile>
    <ClCompile Include="..\..\libregf\libregf_hive_bin_header.c">
      <Filter>Source Files</Filter>
    </ClCompile>
    <ClCompile Include="..\..\libregf\libregf_hive_bins_list.c">
      <Filter>Source Files</Filter>
    </ClCompile>
    <ClCompile Include="..\..\libregf\libregf_io_handle.c">
      <Filter>Source Files</Filter>
    </ClCompile>
    <ClCompile Include="..\..\libregf\libregf_key.c">
      <Filter>Source Files</Filter>
    </ClCompile>
    <ClCompile Include="..\..\libregf\libregf_key_descriptor.c">
      <Filter>Source Files</Filter>
    </ClCompile>
    <ClCompile Include="..\..\libregf\libregf_key_item.c">
      <Filter>Source Files</Filter>
    </ClCompile>
    <ClCompile Include="..\..\libregf\libregf_key_tree.c">
      <Filter>Source Files</Filter>
    </ClCompile>
    <ClCompile Include="..\..\libregf\libregf_multi_string.c">
      <Filter>Source Files</Filter>
    </ClCompile>
    <ClCompile Include="..\..\libregf\libregf_named_key.c">
      <Filter>Source Files</Filter>
    </ClCompile>
    <ClCompile Include="..\..\libregf\libregf_notify.c">
      <Filter>Source Files</Filter>
    </ClCompile>
    <ClCompile Include="..\..\libregf\libregf_security_key.c">
      <Filter>Source Files</Filter>
    </ClCompile>
    <ClCompile Include="..\..\libregf\libregf_sub_key_list.c">
      <Filter>Source Files</Filter>
    </ClCompile>
    <ClCompile Include="..\..\libregf\libregf_support.c">
      <Filter>Source Files</Filter>
    </ClCompile>
    <ClCompile Include="..\..\libregf\libregf_value.c">
      <Filter>Source Files</Filter>
    </ClCompile>
    <ClCompile Include="..\..\libregf\libregf_value_item.c">
      <Filter>Source Files</Filter>
    </ClCompile>
    <ClCompile Include="..\..\libregf\libregf_value_key.c">
      <Filter>Source Files</Filter>
    </ClCompile>
  </ItemGroup>
  <ItemGroup>
    <ClInclude Include="..\..\libregf\libregf_checksum.h">
      <Filter>Header Files</Filter>
    </ClInclude>
    <ClInclude Include="..\..\libregf\libregf_codepage.h">
      <Filter>Header Files</Filter>
    </ClInclude>
    <ClInclude Include="..\..\libregf\libregf_data_block_key.h">
      <Filter>Header Files</Filter>
    </ClInclude>
    <ClInclude Include="..\..\libregf\libregf_data_block_stream.h">
      <Filter>Header Files</Filter>
    </ClInclude>
    <ClInclude Include="..\..\libregf\libregf_data_type.h">
      <Filter>Header Files</Filter>
    </ClInclude>
    <ClInclude Include="..\..\libregf\libregf_debug.h">
      <Filter>Header Files</Filter>
    </ClInclude>
    <ClInclude Include="..\..\libregf\libregf_definitions.h">
      <Filter>Header Files</Filter>
    </ClInclude>
    <ClInclude Include="..\..\libregf\libregf_dirty_vector.h">
      <Filter>Header Files</Filter>
    </ClInclude>
    <ClInclude Include="..\..\libregf\libregf_error.h">
      <Filter>Header Files</Filter>
    </ClInclude>
    <ClInclude Include="..\..\libregf\libregf_extern.h">
      <Filter>Header Files</Filter>
    </ClInclude>
    <ClInclude Include="..\..\libregf\libregf_file.h">
      <Filter>Header Files</Filter>
    </ClInclude>
    <ClInclude Include="..\..\libregf\libregf_file_header.h">
      <Filter>Header Files</Filter>
    </ClInclude>
    <ClInclude Include="..\..\libregf\libregf_hive_bin.h">
      <Filter>Header Files</Filter>
    </ClInclude>
    <ClInclude Include="..\..\libregf\libregf_hive_bin_cell.h">
      <Filter>Header Files</Filter>
    </ClInclude>
    <ClInclude Include="..\..\libregf\libregf_hive_bin_header.h">
      <Filter>Header Files</Filter>
    </ClInclude>
    <ClInclude Include="..\..\libregf\libregf_hive_bins_list.h">
      <Filter>Header Files</Filter>
    </ClInclude>
    <ClInclude Include="..\..\libregf\libregf_io_handle.h">
      <Filter>Header Files</Filter>
    </ClInclude>
    <ClInclude Include="..\..\libregf\libregf_key.h">
      <Filter>Header Files</Filter>
    </ClInclude>
    <ClInclude Include="..\..\libregf\libregf_key_descriptor.h">
      <Filter>Header Files</Filter>
    </ClInclude>
    <ClInclude Include="..\..\libregf\libregf_key_item.h">
      <Filter>Header Files</Filter>
    </ClInclude>
    <ClInclude Include="..\..\libregf\libregf_key_tree.h">
      <Filter>Header Files</Filter>
    </ClInclude>
    <ClInclude Include="..\..\libregf\libregf_libbfio.h">
      <Filter>Header Files</Filter>
    </ClInclude>
    <ClInclude Include="..\..\libregf\libregf_libcdata.h">
      <Filter>Header Files</Filter>
    </ClInclude>
    <ClInclude Include="..\..\libregf\libregf_libcerror.h">
      <Filter>Header Files</Filter>
    </ClInclude>
    <ClInclude Include="..\..\libregf\libregf_libclocale.h">
      <Filter>Header Files</Filter>
    </ClInclude>
    <ClInclude Include="..\..\libregf\libregf_libcnotify.h">
      <Filter>Header Files</Filter>
    </ClInclude>
    <ClInclude Include="..\..\libregf\libregf_libcthreads.h">
      <Filter>Header Files</Filter>
    </ClInclude>
    <ClInclude Include="..\..\libregf\libregf_libfcache.h">
      <Filter>Header Files</Filter>
    </ClInclude>
    <ClInclude Include="..\..\libregf\libregf_libfdata.h">
      <Filter>Header Files</Filter>
    </ClInclude>
    <ClInclude Include="..\..\libregf\libregf_libfdatetime.h">
      <Filter>Header Files</Filter>
    </ClInclude>
    <ClInclude Include="..\..\libregf\libregf_libfwnt.h">
      <Filter>Header Files</Filter>
    </ClInclude>
    <ClInclude Include="..\..\libregf\libregf_libuna.h">
      <Filter>Header Files</Filter>
    </ClInclude>
    <ClInclude Include="..\..\libregf\libregf_multi_string.h">
      <Filter>Header Files</Filter>
    </ClInclude>
    <ClInclude Include="..\..\libregf\libregf_named_key.h">
      <Filter>Header Files</Filter>
    </ClInclude>
    <ClInclude Include="..\..\libregf\libregf_notify.h">
      <Filter>Header Files</Filter>
    </ClInclude>
    <ClInclude Include="..\..\libregf\libregf_security_key.h">
      <Filter>Header Files</Filter>
    </ClInclude>
    <ClInclude Include="..\..\libregf\libregf_sub_key_list.h">
      <Filter>Header Files</Filter>
    </ClInclude>
    <ClInclude Include="..\..\libregf\libregf_support.h">
      <Filter>Header Files</Filter>
    </ClInclude>
    <ClInclude Include="..\..\libregf\libregf_types.h">
      <Filter>Header Files</Filter>
    </ClInclude>
    <ClInclude Include="..\..\libregf\libregf_unused.h">
      <Filter>Header Files</Filter>
    </ClInclude>
    <ClInclude Include="..\..\libregf\libregf_value.h">
      <Filter>Header Files</Filter>
    </ClInclude>
    <ClInclude Include="..\..\libregf\libregf_value_item.h">
      <Filter>Header Files</Filter>
    </ClInclude>
    <ClInclude Include="..\..\libregf\libregf_value_key.h">
      <Filter>Header Files</Filter>
    </ClInclude>
    <ClInclude Include="..\..\libregf\regf_cell_values.h">
      <Filter>Header Files</Filter>
    </ClInclude>
    <ClInclude Include="..\..\libregf\regf_file_header.h">
      <Filter>Header Files</Filter>
    </ClInclude>
    <ClInclude Include="..\..\libregf\regf_hive_bin.h">
      <Filter>Header Files</Filter>
    </ClInclude>
    <ClInclude Include="..\..\libregf\resource.h">
      <Filter>Header Files</Filter>
    </ClInclude>
  </ItemGroup>
  <ItemGroup>
    <ResourceCompile Include="..\..\libregf\libregf.rc">
      <Filter>Resource Files</Filter>
    </ResourceCompile>
  </ItemGroup>
</Project>